// !$*UTF8*$!
{
	archiveVersion = 1;
	classes = {
	};
	objectVersion = 77;
	objects = {

/* Begin PBXBuildFile section */
		65987DAA30392A8C00B9E22A /* GoogleService-Info.plist in Resources */ = {isa = PBXBuildFile; fileRef = 65987DA830392A8C00B9E22A /* GoogleService-Info.plist */; };
		65987DAB30392A8C00B9E22A /* Assets.xcassets in Resources */ = {isa = PBXBuildFile; fileRef = 65987DA730392A8C00B9E22A /* Assets.xcassets */; };
		65987DAC30392A8C00B9E22A /* ConnectedContentView.swift in Sources */ = {isa = PBXBuildFile; fileRef = 65987D9E30392A8C00B9E22A /* ConnectedContentView.swift */; };
		65987DAD30392A8C00B9E22A /* ExistingAccountSignInView.swift in Sources */ = {isa = PBXBuildFile; fileRef = 65987D9F30392A8C00B9E22A /* ExistingAccountSignInView.swift */; };
		65987DAE30392A8C00B9E22A /* LumoriUser.swift in Sources */ = {isa = PBXBuildFile; fileRef = 65987D8B30392A8C00B9E22A /* LumoriUser.swift */; };
		65987DAF30392A8C00B9E22A /* Color+Hex.swift in Sources */ = {isa = PBXBuildFile; fileRef = 65987D8630392A8C00B9E22A /* Color+Hex.swift */; };
		65987DB030392A8C00B9E22A /* LaunchOverlayView.swift in Sources */ = {isa = PBXBuildFile; fileRef = 65987D9930392A8C00B9E22A /* LaunchOverlayView.swift */; };
		65987DB130392A8C00B9E22A /* SettingsView.swift in Sources */ = {isa = PBXBuildFile; fileRef = 65987DA430392A8C00B9E22A /* SettingsView.swift */; };
		65987DB230392A8C00B9E22A /* LaunchContainerView.swift in Sources */ = {isa = PBXBuildFile; fileRef = 65987D9830392A8C00B9E22A /* LaunchContainerView.swift */; };
		65987DB330392A8C00B9E22A /* LumoriApp.swift in Sources */ = {isa = PBXBuildFile; fileRef = 65987D8430392A8C00B9E22A /* LumoriApp.swift */; };
		65987DB430392A8C00B9E22A /* BeaconColorService.swift in Sources */ = {isa = PBXBuildFile; fileRef = 65987D8E30392A8C00B9E22A /* BeaconColorService.swift */; };
		65987DB530392A8C00B9E22A /* UnpairedContentView.swift in Sources */ = {isa = PBXBuildFile; fileRef = 65987DA530392A8C00B9E22A /* UnpairedContentView.swift */; };
		65987DB630392A8C00B9E22A /* LumoriConnection.swift in Sources */ = {isa = PBXBuildFile; fileRef = 65987D8A30392A8C00B9E22A /* LumoriConnection.swift */; };
		65987DB730392A8C00B9E22A /* Connection.swift in Sources */ = {isa = PBXBuildFile; fileRef = 65987D8930392A8C00B9E22A /* Connection.swift */; };
		65987DB830392A8C00B9E22A /* BeaconDetailsView.swift in Sources */ = {isa = PBXBuildFile; fileRef = 65987D9C30392A8C00B9E22A /* BeaconDetailsView.swift */; };
		65987DB930392A8C00B9E22A /* UserService.swift in Sources */ = {isa = PBXBuildFile; fileRef = 65987D9330392A8C00B9E22A /* UserService.swift */; };
		65987DBA30392A8C00B9E22A /* PartnerConnection.swift in Sources */ = {isa = PBXBuildFile; fileRef = 65987D8C30392A8C00B9E22A /* PartnerConnection.swift */; };
		65987DBB30392A8C00B9E22A /* MyBeaconView.swift in Sources */ = {isa = PBXBuildFile; fileRef = 65987DA130392A8C00B9E22A /* MyBeaconView.swift */; };
		65987DBC30392A8C00B9E22A /* PairingService.swift in Sources */ = {isa = PBXBuildFile; fileRef = 65987D9230392A8C00B9E22A /* PairingService.swift */; };
		65987DBD30392A8C00B9E22A /* BeaconStore.swift in Sources */ = {isa = PBXBuildFile; fileRef = 65987D8F30392A8C00B9E22A /* BeaconStore.swift */; };
		65987DBE30392A8C00B9E22A /* ConnectionStore.swift in Sources */ = {isa = PBXBuildFile; fileRef = 65987D9530392A8C00B9E22A /* ConnectionStore.swift */; };
		65987DBF30392A8C00B9E22A /* BeaconEntry.swift in Sources */ = {isa = PBXBuildFile; fileRef = 65987D8830392A8C00B9E22A /* BeaconEntry.swift */; };
		65987DC030392A8C00B9E22A /* FirebaseAuthService.swift in Sources */ = {isa = PBXBuildFile; fileRef = 65987D9030392A8C00B9E22A /* FirebaseAuthService.swift */; };
		65987DC130392A8C00B9E22A /* PartnerBeaconView.swift in Sources */ = {isa = PBXBuildFile; fileRef = 65987DA330392A8C00B9E22A /* PartnerBeaconView.swift */; };
		65987DC230392A8C00B9E22A /* AppRootView.swift in Sources */ = {isa = PBXBuildFile; fileRef = 65987D9B30392A8C00B9E22A /* AppRootView.swift */; };
		65987DC330392A8C00B9E22A /* PairingCodeService.swift in Sources */ = {isa = PBXBuildFile; fileRef = 65987D9130392A8C00B9E22A /* PairingCodeService.swift */; };
		65987DC430392A8C00B9E22A /* PairingView.swift in Sources */ = {isa = PBXBuildFile; fileRef = 65987DA230392A8C00B9E22A /* PairingView.swift */; };
		65987DC530392A8C00B9E22A /* LanternHistoryView.swift in Sources */ = {isa = PBXBuildFile; fileRef = 65987DA030392A8C00B9E22A /* LanternHistoryView.swift */; };
		65987DC630392A8C00B9E22A /* BeaconView.swift in Sources */ = {isa = PBXBuildFile; fileRef = 65987D9D30392A8C00B9E22A /* BeaconView.swift */; };
		65987DC730392A8C00B9E22A /* PartnerBeaconStore.swift in Sources */ = {isa = PBXBuildFile; fileRef = 65987D9630392A8C00B9E22A /* PartnerBeaconStore.swift */; };
		65987DC930392D2B00B9E22A /* LumoriLoop.mp3 in Resources */ = {isa = PBXBuildFile; fileRef = 65987DC830392D2B00B9E22A /* LumoriLoop.mp3 */; };
		65987DCB30392E2F00B9E22A /* AudioManager.swift in Sources */ = {isa = PBXBuildFile; fileRef = 65987DCA30392E2F00B9E22A /* AudioManager.swift */; };
		65987DCD303934FB00B9E22A /* OnboardingView.swift in Sources */ = {isa = PBXBuildFile; fileRef = 65987DCC303934FB00B9E22A /* OnboardingView.swift */; };
		65F22C443028FE7A0082F677 /* FirebaseAuth in Frameworks */ = {isa = PBXBuildFile; productRef = 65F22C433028FE7A0082F677 /* FirebaseAuth */; };
		65F22C463028FE810082F677 /* FirebaseFirestore in Frameworks */ = {isa = PBXBuildFile; productRef = 65F22C453028FE810082F677 /* FirebaseFirestore */; };
/* End PBXBuildFile section */

/* Begin PBXFileReference section */
		657176382FF753E0005E0BA1 /* Lumori.app */ = {isa = PBXFileReference; explicitFileType = wrapper.application; includeInIndex = 0; path = Lumori.app; sourceTree = BUILT_PRODUCTS_DIR; };
		65987D8430392A8C00B9E22A /* LumoriApp.swift */ = {isa = PBXFileReference; lastKnownFileType = sourcecode.swift; path = LumoriApp.swift; sourceTree = "<group>"; };
		65987D8630392A8C00B9E22A /* Color+Hex.swift */ = {isa = PBXFileReference; lastKnownFileType = sourcecode.swift; path = "Color+Hex.swift"; sourceTree = "<group>"; };
		65987D8830392A8C00B9E22A /* BeaconEntry.swift */ = {isa = PBXFileReference; lastKnownFileType = sourcecode.swift; path = BeaconEntry.swift; sourceTree = "<group>"; };
		65987D8930392A8C00B9E22A /* Connection.swift */ = {isa = PBXFileReference; lastKnownFileType = sourcecode.swift; path = Connection.swift; sourceTree = "<group>"; };
		65987D8A30392A8C00B9E22A /* LumoriConnection.swift */ = {isa = PBXFileReference; lastKnownFileType = sourcecode.swift; path = LumoriConnection.swift; sourceTree = "<group>"; };
		65987D8B30392A8C00B9E22A /* LumoriUser.swift */ = {isa = PBXFileReference; lastKnownFileType = sourcecode.swift; path = LumoriUser.swift; sourceTree = "<group>"; };
		65987D8C30392A8C00B9E22A /* PartnerConnection.swift */ = {isa = PBXFileReference; lastKnownFileType = sourcecode.swift; path = PartnerConnection.swift; sourceTree = "<group>"; };
		65987D8E30392A8C00B9E22A /* BeaconColorService.swift */ = {isa = PBXFileReference; lastKnownFileType = sourcecode.swift; path = BeaconColorService.swift; sourceTree = "<group>"; };
		65987D8F30392A8C00B9E22A /* BeaconStore.swift */ = {isa = PBXFileReference; lastKnownFileType = sourcecode.swift; path = BeaconStore.swift; sourceTree = "<group>"; };
		65987D9030392A8C00B9E22A /* FirebaseAuthService.swift */ = {isa = PBXFileReference; lastKnownFileType = sourcecode.swift; path = FirebaseAuthService.swift; sourceTree = "<group>"; };
		65987D9130392A8C00B9E22A /* PairingCodeService.swift */ = {isa = PBXFileReference; lastKnownFileType = sourcecode.swift; path = PairingCodeService.swift; sourceTree = "<group>"; };
		65987D9230392A8C00B9E22A /* PairingService.swift */ = {isa = PBXFileReference; lastKnownFileType = sourcecode.swift; path = PairingService.swift; sourceTree = "<group>"; };
		65987D9330392A8C00B9E22A /* UserService.swift */ = {isa = PBXFileReference; lastKnownFileType = sourcecode.swift; path = UserService.swift; sourceTree = "<group>"; };
		65987D9530392A8C00B9E22A /* ConnectionStore.swift */ = {isa = PBXFileReference; lastKnownFileType = sourcecode.swift; path = ConnectionStore.swift; sourceTree = "<group>"; };
		65987D9630392A8C00B9E22A /* PartnerBeaconStore.swift */ = {isa = PBXFileReference; lastKnownFileType = sourcecode.swift; path = PartnerBeaconStore.swift; sourceTree = "<group>"; };
		65987D9830392A8C00B9E22A /* LaunchContainerView.swift */ = {isa = PBXFileReference; lastKnownFileType = sourcecode.swift; path = LaunchContainerView.swift; sourceTree = "<group>"; };
		65987D9930392A8C00B9E22A /* LaunchOverlayView.swift */ = {isa = PBXFileReference; lastKnownFileType = sourcecode.swift; path = LaunchOverlayView.swift; sourceTree = "<group>"; };
		65987D9B30392A8C00B9E22A /* AppRootView.swift */ = {isa = PBXFileReference; lastKnownFileType = sourcecode.swift; path = AppRootView.swift; sourceTree = "<group>"; };
		65987D9C30392A8C00B9E22A /* BeaconDetailsView.swift */ = {isa = PBXFileReference; lastKnownFileType = sourcecode.swift; path = BeaconDetailsView.swift; sourceTree = "<group>"; };
		65987D9D30392A8C00B9E22A /* BeaconView.swift */ = {isa = PBXFileReference; lastKnownFileType = sourcecode.swift; path = BeaconView.swift; sourceTree = "<group>"; };
		65987D9E30392A8C00B9E22A /* ConnectedContentView.swift */ = {isa = PBXFileReference; lastKnownFileType = sourcecode.swift; path = ConnectedContentView.swift; sourceTree = "<group>"; };
		65987D9F30392A8C00B9E22A /* ExistingAccountSignInView.swift */ = {isa = PBXFileReference; lastKnownFileType = sourcecode.swift; path = ExistingAccountSignInView.swift; sourceTree = "<group>"; };
		65987DA030392A8C00B9E22A /* LanternHistoryView.swift */ = {isa = PBXFileReference; lastKnownFileType = sourcecode.swift; path = LanternHistoryView.swift; sourceTree = "<group>"; };
		65987DA130392A8C00B9E22A /* MyBeaconView.swift */ = {isa = PBXFileReference; lastKnownFileType = sourcecode.swift; path = MyBeaconView.swift; sourceTree = "<group>"; };
		65987DA230392A8C00B9E22A /* PairingView.swift */ = {isa = PBXFileReference; lastKnownFileType = sourcecode.swift; path = PairingView.swift; sourceTree = "<group>"; };
		65987DA330392A8C00B9E22A /* PartnerBeaconView.swift */ = {isa = PBXFileReference; lastKnownFileType = sourcecode.swift; path = PartnerBeaconView.swift; sourceTree = "<group>"; };
		65987DA430392A8C00B9E22A /* SettingsView.swift */ = {isa = PBXFileReference; lastKnownFileType = sourcecode.swift; path = SettingsView.swift; sourceTree = "<group>"; };
		65987DA530392A8C00B9E22A /* UnpairedContentView.swift */ = {isa = PBXFileReference; lastKnownFileType = sourcecode.swift; path = UnpairedContentView.swift; sourceTree = "<group>"; };
		65987DA730392A8C00B9E22A /* Assets.xcassets */ = {isa = PBXFileReference; lastKnownFileType = folder.assetcatalog; path = Assets.xcassets; sourceTree = "<group>"; };
		65987DA830392A8C00B9E22A /* GoogleService-Info.plist */ = {isa = PBXFileReference; lastKnownFileType = text.plist.xml; path = "GoogleService-Info.plist"; sourceTree = "<group>"; };
		65987DC830392D2B00B9E22A /* LumoriLoop.mp3 */ = {isa = PBXFileReference; lastKnownFileType = audio.mp3; path = LumoriLoop.mp3; sourceTree = "<group>"; };
		65987DCA30392E2F00B9E22A /* AudioManager.swift */ = {isa = PBXFileReference; lastKnownFileType = sourcecode.swift; path = AudioManager.swift; sourceTree = "<group>"; };
		65987DCC303934FB00B9E22A /* OnboardingView.swift */ = {isa = PBXFileReference; lastKnownFileType = sourcecode.swift; path = OnboardingView.swift; sourceTree = "<group>"; };
/* End PBXFileReference section */

/* Begin PBXFrameworksBuildPhase section */
		657176352FF753E0005E0BA1 /* Frameworks */ = {
			isa = PBXFrameworksBuildPhase;
			buildActionMask = 2147483647;
			files = (
				65F22C443028FE7A0082F677 /* FirebaseAuth in Frameworks */,
				65F22C463028FE810082F677 /* FirebaseFirestore in Frameworks */,
			);
			runOnlyForDeploymentPostprocessing = 0;
		};
/* End PBXFrameworksBuildPhase section */

/* Begin PBXGroup section */
		6571762F2FF753E0005E0BA1 = {
			isa = PBXGroup;
			children = (
				65987DA930392A8C00B9E22A /* Lumori */,
				65F22C423028FE7A0082F677 /* Frameworks */,
				657176392FF753E0005E0BA1 /* Products */,
			);
			sourceTree = "<group>";
		};
		657176392FF753E0005E0BA1 /* Products */ = {
			isa = PBXGroup;
			children = (
				657176382FF753E0005E0BA1 /* Lumori.app */,
			);
			name = Products;
			sourceTree = "<group>";
		};
		65987D8530392A8C00B9E22A /* App */ = {
			isa = PBXGroup;
			children = (
				65987D8430392A8C00B9E22A /* LumoriApp.swift */,
			);
			path = App;
			sourceTree = "<group>";
		};
		65987D8730392A8C00B9E22A /* Extensions */ = {
			isa = PBXGroup;
			children = (
				65987D8630392A8C00B9E22A /* Color+Hex.swift */,
			);
			path = Extensions;
			sourceTree = "<group>";
		};
		65987D8D30392A8C00B9E22A /* Models */ = {
			isa = PBXGroup;
			children = (
				65987D8830392A8C00B9E22A /* BeaconEntry.swift */,
				65987D8930392A8C00B9E22A /* Connection.swift */,
				65987D8A30392A8C00B9E22A /* LumoriConnection.swift */,
				65987D8B30392A8C00B9E22A /* LumoriUser.swift */,
				65987D8C30392A8C00B9E22A /* PartnerConnection.swift */,
			);
			path = Models;
			sourceTree = "<group>";
		};
		65987D9430392A8C00B9E22A /* Services */ = {
			isa = PBXGroup;
			children = (
				65987D8E30392A8C00B9E22A /* BeaconColorService.swift */,
				65987D8F30392A8C00B9E22A /* BeaconStore.swift */,
				65987D9030392A8C00B9E22A /* FirebaseAuthService.swift */,
				65987D9130392A8C00B9E22A /* PairingCodeService.swift */,
				65987D9230392A8C00B9E22A /* PairingService.swift */,
				65987D9330392A8C00B9E22A /* UserService.swift */,
				65987DCA30392E2F00B9E22A /* AudioManager.swift */,
			);
			path = Services;
			sourceTree = "<group>";
		};
		65987D9730392A8C00B9E22A /* ViewModels */ = {
			isa = PBXGroup;
			children = (
				65987D9530392A8C00B9E22A /* ConnectionStore.swift */,
				65987D9630392A8C00B9E22A /* PartnerBeaconStore.swift */,
			);
			path = ViewModels;
			sourceTree = "<group>";
		};
		65987D9A30392A8C00B9E22A /* Launch */ = {
			isa = PBXGroup;
			children = (
				65987D9830392A8C00B9E22A /* LaunchContainerView.swift */,
				65987D9930392A8C00B9E22A /* LaunchOverlayView.swift */,
			);
			path = Launch;
			sourceTree = "<group>";
		};
		65987DA630392A8C00B9E22A /* Views */ = {
			isa = PBXGroup;
			children = (
				65987D9A30392A8C00B9E22A /* Launch */,
				65987D9B30392A8C00B9E22A /* AppRootView.swift */,
				65987D9C30392A8C00B9E22A /* BeaconDetailsView.swift */,
				65987D9D30392A8C00B9E22A /* BeaconView.swift */,
				65987D9E30392A8C00B9E22A /* ConnectedContentView.swift */,
				65987D9F30392A8C00B9E22A /* ExistingAccountSignInView.swift */,
				65987DA030392A8C00B9E22A /* LanternHistoryView.swift */,
				65987DA130392A8C00B9E22A /* MyBeaconView.swift */,
				65987DA230392A8C00B9E22A /* PairingView.swift */,
				65987DA330392A8C00B9E22A /* PartnerBeaconView.swift */,
				65987DA430392A8C00B9E22A /* SettingsView.swift */,
				65987DA530392A8C00B9E22A /* UnpairedContentView.swift */,
				65987DCC303934FB00B9E22A /* OnboardingView.swift */,
			);
			path = Views;
			sourceTree = "<group>";
		};
		65987DA930392A8C00B9E22A /* Lumori */ = {
			isa = PBXGroup;
			children = (
				65987D8530392A8C00B9E22A /* App */,
				65987D8730392A8C00B9E22A /* Extensions */,
				65987D8D30392A8C00B9E22A /* Models */,
				65987D9430392A8C00B9E22A /* Services */,
				65987D9730392A8C00B9E22A /* ViewModels */,
				65987DA630392A8C00B9E22A /* Views */,
				65987DA730392A8C00B9E22A /* Assets.xcassets */,
				65987DA830392A8C00B9E22A /* GoogleService-Info.plist */,
				65987DC830392D2B00B9E22A /* LumoriLoop.mp3 */,
			);
			path = Lumori;
			sourceTree = "<group>";
		};
		65F22C423028FE7A0082F677 /* Frameworks */ = {
			isa = PBXGroup;
			children = (
			);
			name = Frameworks;
			sourceTree = "<group>";
		};
/* End PBXGroup section */

/* Begin PBXNativeTarget section */
		657176372FF753E0005E0BA1 /* Lumori */ = {
			isa = PBXNativeTarget;
			buildConfigurationList = 657176432FF753E2005E0BA1 /* Build configuration list for PBXNativeTarget "Lumori" */;
			buildPhases = (
				657176342FF753E0005E0BA1 /* Sources */,
				657176352FF753E0005E0BA1 /* Frameworks */,
				657176362FF753E0005E0BA1 /* Resources */,
			);
			buildRules = (
			);
			dependencies = (
			);
			name = Lumori;
			packageProductDependencies = (
				65F22C433028FE7A0082F677 /* FirebaseAuth */,
				65F22C453028FE810082F677 /* FirebaseFirestore */,
			);
			productName = Lumori;
			productReference = 657176382FF753E0005E0BA1 /* Lumori.app */;
			productType = "com.apple.product-type.application";
		};
/* End PBXNativeTarget section */

/* Begin PBXProject section */
		657176302FF753E0005E0BA1 /* Project object */ = {
			isa = PBXProject;
			attributes = {
				BuildIndependentTargetsInParallel = 1;
				LastSwiftUpdateCheck = 2650;
				LastUpgradeCheck = 2660;
				TargetAttributes = {
					657176372FF753E0005E0BA1 = {
						CreatedOnToolsVersion = 26.5;
					};
				};
			};
			buildConfigurationList = 657176332FF753E0005E0BA1 /* Build configuration list for PBXProject "Lumori" */;
			developmentRegion = en;
			hasScannedForEncodings = 0;
			knownRegions = (
				en,
				Base,
			);
			mainGroup = 6571762F2FF753E0005E0BA1;
			minimizedProjectReferenceProxies = 1;
			packageReferences = (
				65F22C413028FD570082F677 /* XCRemoteSwiftPackageReference "firebase-ios-sdk" */,
			);
			preferredProjectObjectVersion = 77;
			productRefGroup = 657176392FF753E0005E0BA1 /* Products */;
			projectDirPath = "";
			projectRoot = "";
			targets = (
				657176372FF753E0005E0BA1 /* Lumori */,
			);
		};
/* End PBXProject section */

/* Begin PBXResourcesBuildPhase section */
		657176362FF753E0005E0BA1 /* Resources */ = {
			isa = PBXResourcesBuildPhase;
			buildActionMask = 2147483647;
			files = (
				65987DC930392D2B00B9E22A /* LumoriLoop.mp3 in Resources */,
				65987DAA30392A8C00B9E22A /* GoogleService-Info.plist in Resources */,
				65987DAB30392A8C00B9E22A /* Assets.xcassets in Resources */,
			);
			runOnlyForDeploymentPostprocessing = 0;
		};
/* End PBXResourcesBuildPhase section */

/* Begin PBXSourcesBuildPhase section */
		657176342FF753E0005E0BA1 /* Sources */ = {
			isa = PBXSourcesBuildPhase;
			buildActionMask = 2147483647;
			files = (
				65987DAC30392A8C00B9E22A /* ConnectedContentView.swift in Sources */,
				65987DAD30392A8C00B9E22A /* ExistingAccountSignInView.swift in Sources */,
				65987DAE30392A8C00B9E22A /* LumoriUser.swift in Sources */,
				65987DCD303934FB00B9E22A /* OnboardingView.swift in Sources */,
				65987DAF30392A8C00B9E22A /* Color+Hex.swift in Sources */,
				65987DB030392A8C00B9E22A /* LaunchOverlayView.swift in Sources */,
				65987DB130392A8C00B9E22A /* SettingsView.swift in Sources */,
				65987DB230392A8C00B9E22A /* LaunchContainerView.swift in Sources */,
				65987DB330392A8C00B9E22A /* LumoriApp.swift in Sources */,
				65987DB430392A8C00B9E22A /* BeaconColorService.swift in Sources */,
				65987DB530392A8C00B9E22A /* UnpairedContentView.swift in Sources */,
				65987DB630392A8C00B9E22A /* LumoriConnection.swift in Sources */,
				65987DB730392A8C00B9E22A /* Connection.swift in Sources */,
				65987DB830392A8C00B9E22A /* BeaconDetailsView.swift in Sources */,
				65987DB930392A8C00B9E22A /* UserService.swift in Sources */,
				65987DCB30392E2F00B9E22A /* AudioManager.swift in Sources */,
				65987DBA30392A8C00B9E22A /* PartnerConnection.swift in Sources */,
				65987DBB30392A8C00B9E22A /* MyBeaconView.swift in Sources */,
				65987DBC30392A8C00B9E22A /* PairingService.swift in Sources */,
				65987DBD30392A8C00B9E22A /* BeaconStore.swift in Sources */,
				65987DBE30392A8C00B9E22A /* ConnectionStore.swift in Sources */,
				65987DBF30392A8C00B9E22A /* BeaconEntry.swift in Sources */,
				65987DC030392A8C00B9E22A /* FirebaseAuthService.swift in Sources */,
				65987DC130392A8C00B9E22A /* PartnerBeaconView.swift in Sources */,
				65987DC230392A8C00B9E22A /* AppRootView.swift in Sources */,
				65987DC330392A8C00B9E22A /* PairingCodeService.swift in Sources */,
				65987DC430392A8C00B9E22A /* PairingView.swift in Sources */,
				65987DC530392A8C00B9E22A /* LanternHistoryView.swift in Sources */,
				65987DC630392A8C00B9E22A /* BeaconView.swift in Sources */,
				65987DC730392A8C00B9E22A /* PartnerBeaconStore.swift in Sources */,
			);
			runOnlyForDeploymentPostprocessing = 0;
		};
/* End PBXSourcesBuildPhase section */

/* Begin XCBuildConfiguration section */
		657176412FF753E2005E0BA1 /* Debug */ = {
			isa = XCBuildConfiguration;
			buildSettings = {
				ALWAYS_SEARCH_USER_PATHS = NO;
				ASSETCATALOG_COMPILER_GENERATE_SWIFT_ASSET_SYMBOL_EXTENSIONS = YES;
				CLANG_ANALYZER_NONNULL = YES;
				CLANG_ANALYZER_NUMBER_OBJECT_CONVERSION = YES_AGGRESSIVE;
				CLANG_CXX_LANGUAGE_STANDARD = "gnu++20";
				CLANG_ENABLE_MODULES = YES;
				CLANG_ENABLE_OBJC_ARC = YES;
				CLANG_ENABLE_OBJC_WEAK = YES;
				CLANG_WARN_BLOCK_CAPTURE_AUTORELEASING = YES;
				CLANG_WARN_BOOL_CONVERSION = YES;
				CLANG_WARN_COMMA = YES;
				CLANG_WARN_CONSTANT_CONVERSION = YES;
				CLANG_WARN_DEPRECATED_OBJC_IMPLEMENTATIONS = YES;
				CLANG_WARN_DIRECT_OBJC_ISA_USAGE = YES_ERROR;
				CLANG_WARN_DOCUMENTATION_COMMENTS = YES;
				CLANG_WARN_EMPTY_BODY = YES;
				CLANG_WARN_ENUM_CONVERSION = YES;
				CLANG_WARN_INFINITE_RECURSION = YES;
				CLANG_WARN_INT_CONVERSION = YES;
				CLANG_WARN_NON_LITERAL_NULL_CONVERSION = YES;
				CLANG_WARN_OBJC_IMPLICIT_RETAIN_SELF = YES;
				CLANG_WARN_OBJC_LITERAL_CONVERSION = YES;
				CLANG_WARN_OBJC_ROOT_CLASS = YES_ERROR;
				CLANG_WARN_QUOTED_INCLUDE_IN_FRAMEWORK_HEADER = YES;
				CLANG_WARN_RANGE_LOOP_ANALYSIS = YES;
				CLANG_WARN_STRICT_PROTOTYPES = YES;
				CLANG_WARN_SUSPICIOUS_MOVE = YES;
				CLANG_WARN_UNGUARDED_AVAILABILITY = YES_AGGRESSIVE;
				CLANG_WARN_UNREACHABLE_CODE = YES;
				CLANG_WARN__DUPLICATE_METHOD_MATCH = YES;
				COPY_PHASE_STRIP = NO;
				DEBUG_INFORMATION_FORMAT = dwarf;
				ENABLE_STRICT_OBJC_MSGSEND = YES;
				ENABLE_TESTABILITY = YES;
				ENABLE_USER_SCRIPT_SANDBOXING = YES;
				GCC_C_LANGUAGE_STANDARD = gnu17;
				GCC_DYNAMIC_NO_PIC = NO;
				GCC_NO_COMMON_BLOCKS = YES;
				GCC_OPTIMIZATION_LEVEL = 0;
				GCC_PREPROCESSOR_DEFINITIONS = (
					"DEBUG=1",
					"$(inherited)",
				);
				GCC_WARN_64_TO_32_BIT_CONVERSION = YES;
				GCC_WARN_ABOUT_RETURN_TYPE = YES_ERROR;
				GCC_WARN_UNDECLARED_SELECTOR = YES;
				GCC_WARN_UNINITIALIZED_AUTOS = YES_AGGRESSIVE;
				GCC_WARN_UNUSED_FUNCTION = YES;
				GCC_WARN_UNUSED_VARIABLE = YES;
				IPHONEOS_DEPLOYMENT_TARGET = 26.5;
				LOCALIZATION_PREFERS_STRING_CATALOGS = YES;
				MTL_ENABLE_DEBUG_INFO = INCLUDE_SOURCE;
				MTL_FAST_MATH = YES;
				ONLY_ACTIVE_ARCH = YES;
				SDKROOT = iphoneos;
				STRING_CATALOG_GENERATE_SYMBOLS = YES;
				SWIFT_ACTIVE_COMPILATION_CONDITIONS = "DEBUG $(inherited)";
				SWIFT_OPTIMIZATION_LEVEL = "-Onone";
			};
			name = Debug;
		};
		657176422FF753E2005E0BA1 /* Release */ = {
			isa = XCBuildConfiguration;
			buildSettings = {
				ALWAYS_SEARCH_USER_PATHS = NO;
				ASSETCATALOG_COMPILER_GENERATE_SWIFT_ASSET_SYMBOL_EXTENSIONS = YES;
				CLANG_ANALYZER_NONNULL = YES;
				CLANG_ANALYZER_NUMBER_OBJECT_CONVERSION = YES_AGGRESSIVE;
				CLANG_CXX_LANGUAGE_STANDARD = "gnu++20";
				CLANG_ENABLE_MODULES = YES;
				CLANG_ENABLE_OBJC_ARC = YES;
				CLANG_ENABLE_OBJC_WEAK = YES;
				CLANG_WARN_BLOCK_CAPTURE_AUTORELEASING = YES;
				CLANG_WARN_BOOL_CONVERSION = YES;
				CLANG_WARN_COMMA = YES;
				CLANG_WARN_CONSTANT_CONVERSION = YES;
				CLANG_WARN_DEPRECATED_OBJC_IMPLEMENTATIONS = YES;
				CLANG_WARN_DIRECT_OBJC_ISA_USAGE = YES_ERROR;
				CLANG_WARN_DOCUMENTATION_COMMENTS = YES;
				CLANG_WARN_EMPTY_BODY = YES;
				CLANG_WARN_ENUM_CONVERSION = YES;
				CLANG_WARN_INFINITE_RECURSION = YES;
				CLANG_WARN_INT_CONVERSION = YES;
				CLANG_WARN_NON_LITERAL_NULL_CONVERSION = YES;
				CLANG_WARN_OBJC_IMPLICIT_RETAIN_SELF = YES;
				CLANG_WARN_OBJC_LITERAL_CONVERSION = YES;
				CLANG_WARN_OBJC_ROOT_CLASS = YES_ERROR;
				CLANG_WARN_QUOTED_INCLUDE_IN_FRAMEWORK_HEADER = YES;
				CLANG_WARN_RANGE_LOOP_ANALYSIS = YES;
				CLANG_WARN_STRICT_PROTOTYPES = YES;
				CLANG_WARN_SUSPICIOUS_MOVE = YES;
				CLANG_WARN_UNGUARDED_AVAILABILITY = YES_AGGRESSIVE;
				CLANG_WARN_UNREACHABLE_CODE = YES;
				CLANG_WARN__DUPLICATE_METHOD_MATCH = YES;
				COPY_PHASE_STRIP = NO;
				DEBUG_INFORMATION_FORMAT = "dwarf-with-dsym";
				ENABLE_NS_ASSERTIONS = NO;
				ENABLE_STRICT_OBJC_MSGSEND = YES;
				ENABLE_USER_SCRIPT_SANDBOXING = YES;
				GCC_C_LANGUAGE_STANDARD = gnu17;
				GCC_NO_COMMON_BLOCKS = YES;
				GCC_WARN_64_TO_32_BIT_CONVERSION = YES;
				GCC_WARN_ABOUT_RETURN_TYPE = YES_ERROR;
				GCC_WARN_UNDECLARED_SELECTOR = YES;
				GCC_WARN_UNINITIALIZED_AUTOS = YES_AGGRESSIVE;
				GCC_WARN_UNUSED_FUNCTION = YES;
				GCC_WARN_UNUSED_VARIABLE = YES;
				IPHONEOS_DEPLOYMENT_TARGET = 26.5;
				LOCALIZATION_PREFERS_STRING_CATALOGS = YES;
				MTL_ENABLE_DEBUG_INFO = NO;
				MTL_FAST_MATH = YES;
				SDKROOT = iphoneos;
				STRING_CATALOG_GENERATE_SYMBOLS = YES;
				SWIFT_COMPILATION_MODE = wholemodule;
				VALIDATE_PRODUCT = YES;
			};
			name = Release;
		};
		657176442FF753E2005E0BA1 /* Debug */ = {
			isa = XCBuildConfiguration;
			buildSettings = {
				ASSETCATALOG_COMPILER_APPICON_NAME = AppIcon;
				ASSETCATALOG_COMPILER_GLOBAL_ACCENT_COLOR_NAME = AccentColor;
				CODE_SIGN_IDENTITY = "Apple Development";
				CODE_SIGN_STYLE = Automatic;
				CURRENT_PROJECT_VERSION = 1;
				DEVELOPMENT_TEAM = BHF2548QDZ;
				ENABLE_PREVIEWS = YES;
				GENERATE_INFOPLIST_FILE = YES;
				INFOPLIST_KEY_UIApplicationSceneManifest_Generation = YES;
				INFOPLIST_KEY_UIApplicationSupportsIndirectInputEvents = YES;
				INFOPLIST_KEY_UILaunchScreen_Generation = YES;
				INFOPLIST_KEY_UISupportedInterfaceOrientations_iPad = "UIInterfaceOrientationPortrait UIInterfaceOrientationPortraitUpsideDown UIInterfaceOrientationLandscapeLeft UIInterfaceOrientationLandscapeRight";
				INFOPLIST_KEY_UISupportedInterfaceOrientations_iPhone = "UIInterfaceOrientationPortrait UIInterfaceOrientationLandscapeLeft UIInterfaceOrientationLandscapeRight";
				IPHONEOS_DEPLOYMENT_TARGET = 18.6;
				LD_RUNPATH_SEARCH_PATHS = (
					"$(inherited)",
					"@executable_path/Frameworks",
				);
				MARKETING_VERSION = 1.0;
				PRODUCT_BUNDLE_IDENTIFIER = com.duk.Lumori;
				PRODUCT_NAME = "$(TARGET_NAME)";
				PROVISIONING_PROFILE_SPECIFIER = "";
				STRING_CATALOG_GENERATE_SYMBOLS = YES;
				SWIFT_APPROACHABLE_CONCURRENCY = YES;
				SWIFT_DEFAULT_ACTOR_ISOLATION = MainActor;
				SWIFT_EMIT_LOC_STRINGS = YES;
				SWIFT_UPCOMING_FEATURE_MEMBER_IMPORT_VISIBILITY = YES;
				SWIFT_VERSION = 5.0;
				TARGETED_DEVICE_FAMILY = "1,2";
			};
			name = Debug;
		};
		657176452FF753E2005E0BA1 /* Release */ = {
			isa = XCBuildConfiguration;
			buildSettings = {
				ASSETCATALOG_COMPILER_APPICON_NAME = AppIcon;
				ASSETCATALOG_COMPILER_GLOBAL_ACCENT_COLOR_NAME = AccentColor;
				CODE_SIGN_IDENTITY = "Apple Development";
				CODE_SIGN_STYLE = Automatic;
				CURRENT_PROJECT_VERSION = 1;
				DEVELOPMENT_TEAM = BHF2548QDZ;
				ENABLE_PREVIEWS = YES;
				GENERATE_INFOPLIST_FILE = YES;
				INFOPLIST_KEY_UIApplicationSceneManifest_Generation = YES;
				INFOPLIST_KEY_UIApplicationSupportsIndirectInputEvents = YES;
				INFOPLIST_KEY_UILaunchScreen_Generation = YES;
				INFOPLIST_KEY_UISupportedInterfaceOrientations_iPad = "UIInterfaceOrientationPortrait UIInterfaceOrientationPortraitUpsideDown UIInterfaceOrientationLandscapeLeft UIInterfaceOrientationLandscapeRight";
				INFOPLIST_KEY_UISupportedInterfaceOrientations_iPhone = "UIInterfaceOrientationPortrait UIInterfaceOrientationLandscapeLeft UIInterfaceOrientationLandscapeRight";
				IPHONEOS_DEPLOYMENT_TARGET = 18.6;
				LD_RUNPATH_SEARCH_PATHS = (
					"$(inherited)",
					"@executable_path/Frameworks",
				);
				MARKETING_VERSION = 1.0;
				PRODUCT_BUNDLE_IDENTIFIER = com.duk.Lumori;
				PRODUCT_NAME = "$(TARGET_NAME)";
				PROVISIONING_PROFILE_SPECIFIER = "";
				STRING_CATALOG_GENERATE_SYMBOLS = YES;
				SWIFT_APPROACHABLE_CONCURRENCY = YES;
				SWIFT_DEFAULT_ACTOR_ISOLATION = MainActor;
				SWIFT_EMIT_LOC_STRINGS = YES;
				SWIFT_UPCOMING_FEATURE_MEMBER_IMPORT_VISIBILITY = YES;
				SWIFT_VERSION = 5.0;
				TARGETED_DEVICE_FAMILY = "1,2";
			};
			name = Release;
		};
/* End XCBuildConfiguration section */

/* Begin XCConfigurationList section */
		657176332FF753E0005E0BA1 /* Build configuration list for PBXProject "Lumori" */ = {
			isa = XCConfigurationList;
			buildConfigurations = (
				657176412FF753E2005E0BA1 /* Debug */,
				657176422FF753E2005E0BA1 /* Release */,
			);
			defaultConfigurationIsVisible = 0;
			defaultConfigurationName = Release;
		};
		657176432FF753E2005E0BA1 /* Build configuration list for PBXNativeTarget "Lumori" */ = {
			isa = XCConfigurationList;
			buildConfigurations = (
				657176442FF753E2005E0BA1 /* Debug */,
				657176452FF753E2005E0BA1 /* Release */,
			);
			defaultConfigurationIsVisible = 0;
			defaultConfigurationName = Release;
		};
/* End XCConfigurationList section */

/* Begin XCRemoteSwiftPackageReference section */
		65F22C413028FD570082F677 /* XCRemoteSwiftPackageReference "firebase-ios-sdk" */ = {
			isa = XCRemoteSwiftPackageReference;
			repositoryURL = "https://github.com/firebase/firebase-ios-sdk.git";
			requirement = {
				kind = upToNextMajorVersion;
				minimumVersion = 12.17.0;
			};
		};
/* End XCRemoteSwiftPackageReference section */

/* Begin XCSwiftPackageProductDependency section */
		65F22C433028FE7A0082F677 /* FirebaseAuth */ = {
			isa = XCSwiftPackageProductDependency;
			package = 65F22C413028FD570082F677 /* XCRemoteSwiftPackageReference "firebase-ios-sdk" */;
			productName = FirebaseAuth;
		};
		65F22C453028FE810082F677 /* FirebaseFirestore */ = {
			isa = XCSwiftPackageProductDependency;
			package = 65F22C413028FD570082F677 /* XCRemoteSwiftPackageReference "firebase-ios-sdk" */;
			productName = FirebaseFirestore;
		};
/* End XCSwiftPackageProductDependency section */
	};
	rootObject = 657176302FF753E0005E0BA1 /* Project object */;
}
